
Microsoft Visual Studio Solution File, Format Version 12.00
# Visual Studio Version 17
VisualStudioVersion = 17.3.32819.101
MinimumVisualStudioVersion = 10.0.40219.1
Project("{FAE04EC0-301F-11D3-BF4B-00C04F79EFBC}") = "lr4", "lr4\lr4.csproj", "{169BC7A6-94E0-4555-83D1-121448D71EEC}"
EndProject
Global
	GlobalSection(SolutionConfigurationPlatforms) = preSolution
		Debug|Any CPU = Debug|Any CPU
		Release|Any CPU = Release|Any CPU
	EndGlobalSection
	GlobalSection(ProjectConfigurationPlatforms) = postSolution
		{169BC7A6-94E0-4555-83D1-121448D71EEC}.Debug|Any CPU.ActiveCfg = Debug|Any CPU
		{169BC7A6-94E0-4555-83D1-121448D71EEC}.Debug|Any CPU.Build.0 = Debug|Any CPU
		{169BC7A6-94E0-4555-83D1-121448D71EEC}.Release|Any CPU.ActiveCfg = Release|Any CPU
		{169BC7A6-94E0-4555-83D1-121448D71EEC}.Release|Any CPU.Build.0 = Release|Any CPU
	EndGlobalSection
	GlobalSection(SolutionProperties) = preSolution
		HideSolutionNode = FALSE
	EndGlobalSection
	GlobalSection(ExtensibilityGlobals) = postSolution
		SolutionGuid = {E664B940-78D9-4588-AD64-61710C09C1F0}
	EndGlobalSection
EndGlobal
